// !$*UTF8*$!
{
	archiveVersion = 1;
	classes = {
	};
	objectVersion = 51;
	objects = {

/* Begin PBXBuildFile section */
		470E76A826A5474C00A4C13A /* AppDelegate.swift in Sources */ = {isa = PBXBuildFile; fileRef = 470E76A726A5474C00A4C13A /* AppDelegate.swift */; };
		470E76AA26A5474C00A4C13A /* SceneDelegate.swift in Sources */ = {isa = PBXBuildFile; fileRef = 470E76A926A5474C00A4C13A /* SceneDelegate.swift */; };
		470E76AC26A5474C00A4C13A /* ViewController.swift in Sources */ = {isa = PBXBuildFile; fileRef = 470E76AB26A5474C00A4C13A /* ViewController.swift */; };
		470E76AF26A5474C00A4C13A /* Main.storyboard in Resources */ = {isa = PBXBuildFile; fileRef = 470E76AD26A5474C00A4C13A /* Main.storyboard */; };
		470E76B126A5474D00A4C13A /* Assets.xcassets in Resources */ = {isa = PBXBuildFile; fileRef = 470E76B026A5474D00A4C13A /* Assets.xcassets */; };
		470E76B426A5474D00A4C13A /* LaunchScreen.storyboard in Resources */ = {isa = PBXBuildFile; fileRef = 470E76B226A5474D00A4C13A /* LaunchScreen.storyboard */; };
		470E76BC26A549F800A4C13A /* Tax.swift in Sources */ = {isa = PBXBuildFile; fileRef = 470E76BB26A549F800A4C13A /* Tax.swift */; };
		470E76C026A54DA700A4C13A /* DataRepository.swift in Sources */ = {isa = PBXBuildFile; fileRef = 470E76BF26A54DA700A4C13A /* DataRepository.swift */; };
		61B24C23BE5307F78F42BA09 /* Pods_Kadai12_Realm.framework in Frameworks */ = {isa = PBXBuildFile; fileRef = 2E508D2B0740C1929FBFABC9 /* Pods_Kadai12_Realm.framework */; };
/* End PBXBuildFile section */

/* Begin PBXFileReference section */
		275438D8A943FCF48241CC86 /* Pods-Kadai12-Realm.release.xcconfig */ = {isa = PBXFileReference; includeInIndex = 1; lastKnownFileType = text.xcconfig; name = "Pods-Kadai12-Realm.release.xcconfig"; path = "Target Support Files/Pods-Kadai12-Realm/Pods-Kadai12-Realm.release.xcconfig"; sourceTree = "<group>"; };
		2E508D2B0740C1929FBFABC9 /* Pods_Kadai12_Realm.framework */ = {isa = PBXFileReference; explicitFileType = wrapper.framework; includeInIndex = 0; path = Pods_Kadai12_Realm.framework; sourceTree = BUILT_PRODUCTS_DIR; };
		470E76A426A5474C00A4C13A /* Kadai12-Realm.app */ = {isa = PBXFileReference; explicitFileType = wrapper.application; includeInIndex = 0; path = "Kadai12-Realm.app"; sourceTree = BUILT_PRODUCTS_DIR; };
		470E76A726A5474C00A4C13A /* AppDelegate.swift */ = {isa = PBXFileReference; lastKnownFileType = sourcecode.swift; path = AppDelegate.swift; sourceTree = "<group>"; };
		470E76A926A5474C00A4C13A /* SceneDelegate.swift */ = {isa = PBXFileReference; lastKnownFileType = sourcecode.swift; path = SceneDelegate.swift; sourceTree = "<group>"; };
		470E76AB26A5474C00A4C13A /* ViewController.swift */ = {isa = PBXFileReference; lastKnownFileType = sourcecode.swift; path = ViewController.swift; sourceTree = "<group>"; };
		470E76AE26A5474C00A4C13A /* Base */ = {isa = PBXFileReference; lastKnownFileType = file.storyboard; name = Base; path = Base.lproj/Main.storyboard; sourceTree = "<group>"; };
		470E76B026A5474D00A4C13A /* Assets.xcassets */ = {isa = PBXFileReference; lastKnownFileType = folder.assetcatalog; path = Assets.xcassets; sourceTree = "<group>"; };
		470E76B326A5474D00A4C13A /* Base */ = {isa = PBXFileReference; lastKnownFileType = file.storyboard; name = Base; path = Base.lproj/LaunchScreen.storyboard; sourceTree = "<group>"; };
		470E76B526A5474D00A4C13A /* Info.plist */ = {isa = PBXFileReference; lastKnownFileType = text.plist.xml; path = Info.plist; sourceTree = "<group>"; };
		470E76BB26A549F800A4C13A /* Tax.swift */ = {isa = PBXFileReference; lastKnownFileType = sourcecode.swift; path = Tax.swift; sourceTree = "<group>"; };
		470E76BF26A54DA700A4C13A /* DataRepository.swift */ = {isa = PBXFileReference; lastKnownFileType = sourcecode.swift; path = DataRepository.swift; sourceTree = "<group>"; };
		BF7A9F432BA8EB0FEEEB6324 /* Pods-Kadai12-Realm.debug.xcconfig */ = {isa = PBXFileReference; includeInIndex = 1; lastKnownFileType = text.xcconfig; name = "Pods-Kadai12-Realm.debug.xcconfig"; path = "Target Support Files/Pods-Kadai12-Realm/Pods-Kadai12-Realm.debug.xcconfig"; sourceTree = "<group>"; };
/* End PBXFileReference section */

/* Begin PBXFrameworksBuildPhase section */
		470E76A126A5474C00A4C13A /* Frameworks */ = {
			isa = PBXFrameworksBuildPhase;
			buildActionMask = 2147483647;
			files = (
				61B24C23BE5307F78F42BA09 /* Pods_Kadai12_Realm.framework in Frameworks */,
			);
			runOnlyForDeploymentPostprocessing = 0;
		};
/* End PBXFrameworksBuildPhase section */

/* Begin PBXGroup section */
		1DC02948FFE4BBFBCF7160F3 /* Frameworks */ = {
			isa = PBXGroup;
			children = (
				2E508D2B0740C1929FBFABC9 /* Pods_Kadai12_Realm.framework */,
			);
			name = Frameworks;
			sourceTree = "<group>";
		};
		470E769B26A5474C00A4C13A = {
			isa = PBXGroup;
			children = (
				470E76A626A5474C00A4C13A /* Kadai12-Realm */,
				470E76A526A5474C00A4C13A /* Products */,
				DD6CCD98BA65FAB36F5A4F0F /* Pods */,
				1DC02948FFE4BBFBCF7160F3 /* Frameworks */,
			);
			sourceTree = "<group>";
		};
		470E76A526A5474C00A4C13A /* Products */ = {
			isa = PBXGroup;
			children = (
				470E76A426A5474C00A4C13A /* Kadai12-Realm.app */,
			);
			name = Products;
			sourceTree = "<group>";
		};
		470E76A626A5474C00A4C13A /* Kadai12-Realm */ = {
			isa = PBXGroup;
			children = (
				470E76BE26A54D6600A4C13A /* Controller */,
				470E76BD26A54D5800A4C13A /* Model */,
				470E76A726A5474C00A4C13A /* AppDelegate.swift */,
				470E76A926A5474C00A4C13A /* SceneDelegate.swift */,
				470E76AD26A5474C00A4C13A /* Main.storyboard */,
				470E76B026A5474D00A4C13A /* Assets.xcassets */,
				470E76B226A5474D00A4C13A /* LaunchScreen.storyboard */,
				470E76B526A5474D00A4C13A /* Info.plist */,
			);
			path = "Kadai12-Realm";
			sourceTree = "<group>";
		};
		470E76BD26A54D5800A4C13A /* Model */ = {
			isa = PBXGroup;
			children = (
				470E76BB26A549F800A4C13A /* Tax.swift */,
				470E76BF26A54DA700A4C13A /* DataRepository.swift */,
			);
			path = Model;
			sourceTree = "<group>";
		};
		470E76BE26A54D6600A4C13A /* Controller */ = {
			isa = PBXGroup;
			children = (
				470E76AB26A5474C00A4C13A /* ViewController.swift */,
			);
			path = Controller;
			sourceTree = "<group>";
		};
		DD6CCD98BA65FAB36F5A4F0F /* Pods */ = {
			isa = PBXGroup;
			children = (
				BF7A9F432BA8EB0FEEEB6324 /* Pods-Kadai12-Realm.debug.xcconfig */,
				275438D8A943FCF48241CC86 /* Pods-Kadai12-Realm.release.xcconfig */,
			);
			path = Pods;
			sourceTree = "<group>";
		};
/* End PBXGroup section */

/* Begin PBXNativeTarget section */
		470E76A326A5474C00A4C13A /* Kadai12-Realm */ = {
			isa = PBXNativeTarget;
			buildConfigurationList = 470E76B826A5474D00A4C13A /* Build configuration list for PBXNativeTarget "Kadai12-Realm" */;
			buildPhases = (
				AD16C0F32C1952F1EF79524E /* [CP] Check Pods Manifest.lock */,
				470E76A026A5474C00A4C13A /* Sources */,
				470E76A126A5474C00A4C13A /* Frameworks */,
				470E76A226A5474C00A4C13A /* Resources */,
				1D9B371B8151971B8BDCDFA2 /* [CP] Embed Pods Frameworks */,
			);
			buildRules = (
			);
			dependencies = (
			);
			name = "Kadai12-Realm";
			productName = "Kadai12-Realm";
			productReference = 470E76A426A5474C00A4C13A /* Kadai12-Realm.app */;
			productType = "com.apple.product-type.application";
		};
/* End PBXNativeTarget section */

/* Begin PBXProject section */
		470E769C26A5474C00A4C13A /* Project object */ = {
			isa = PBXProject;
			attributes = {
				LastSwiftUpdateCheck = 1250;
				LastUpgradeCheck = 1250;
				TargetAttributes = {
					470E76A326A5474C00A4C13A = {
						CreatedOnToolsVersion = 12.5.1;
					};
				};
			};
			buildConfigurationList = 470E769F26A5474C00A4C13A /* Build configuration list for PBXProject "Kadai12-Realm" */;
			compatibilityVersion = "Xcode 9.3";
			developmentRegion = en;
			hasScannedForEncodings = 0;
			knownRegions = (
				en,
				Base,
			);
			mainGroup = 470E769B26A5474C00A4C13A;
			productRefGroup = 470E76A526A5474C00A4C13A /* Products */;
			projectDirPath = "";
			projectRoot = "";
			targets = (
				470E76A326A5474C00A4C13A /* Kadai12-Realm */,
			);
		};
/* End PBXProject section */

/* Begin PBXResourcesBuildPhase section */
		470E76A226A5474C00A4C13A /* Resources */ = {
			isa = PBXResourcesBuildPhase;
			buildActionMask = 2147483647;
			files = (
				470E76B426A5474D00A4C13A /* LaunchScreen.storyboard in Resources */,
				470E76B126A5474D00A4C13A /* Assets.xcassets in Resources */,
				470E76AF26A5474C00A4C13A /* Main.storyboard in Resources */,
			);
			runOnlyForDeploymentPostprocessing = 0;
		};
/* End PBXResourcesBuildPhase section */

/* Begin PBXShellScriptBuildPhase section */
		1D9B371B8151971B8BDCDFA2 /* [CP] Embed Pods Frameworks */ = {
			isa = PBXShellScriptBuildPhase;
			buildActionMask = 2147483647;
			files = (
			);
			inputFileListPaths = (
				"${PODS_ROOT}/Target Support Files/Pods-Kadai12-Realm/Pods-Kadai12-Realm-frameworks-${CONFIGURATION}-input-files.xcfilelist",
			);
			name = "[CP] Embed Pods Frameworks";
			outputFileListPaths = (
				"${PODS_ROOT}/Target Support Files/Pods-Kadai12-Realm/Pods-Kadai12-Realm-frameworks-${CONFIGURATION}-output-files.xcfilelist",
			);
			runOnlyForDeploymentPostprocessing = 0;
			shellPath = /bin/sh;
			shellScript = "\"${PODS_ROOT}/Target Support Files/Pods-Kadai12-Realm/Pods-Kadai12-Realm-frameworks.sh\"\n";
			showEnvVarsInLog = 0;
		};
		AD16C0F32C1952F1EF79524E /* [CP] Check Pods Manifest.lock */ = {
			isa = PBXShellScriptBuildPhase;
			buildActionMask = 2147483647;
			files = (
			);
			inputFileListPaths = (
			);
			inputPaths = (
				"${PODS_PODFILE_DIR_PATH}/Podfile.lock",
				"${PODS_ROOT}/Manifest.lock",
			);
			name = "[CP] Check Pods Manifest.lock";
			outputFileListPaths = (
			);
			outputPaths = (
				"$(DERIVED_FILE_DIR)/Pods-Kadai12-Realm-checkManifestLockResult.txt",
			);
			runOnlyForDeploymentPostprocessing = 0;
			shellPath = /bin/sh;
			shellScript = "diff \"${PODS_PODFILE_DIR_PATH}/Podfile.lock\" \"${PODS_ROOT}/Manifest.lock\" > /dev/null\nif [ $? != 0 ] ; then\n    # print error to STDERR\n    echo \"error: The sandbox is not in sync with the Podfile.lock. Run 'pod install' or update your CocoaPods installation.\" >&2\n    exit 1\nfi\n# This output is used by Xcode 'outputs' to avoid re-running this script phase.\necho \"SUCCESS\" > \"${SCRIPT_OUTPUT_FILE_0}\"\n";
			showEnvVarsInLog = 0;
		};
/* End PBXShellScriptBuildPhase section */

/* Begin PBXSourcesBuildPhase section */
		470E76A026A5474C00A4C13A /* Sources */ = {
			isa = PBXSourcesBuildPhase;
			buildActionMask = 2147483647;
			files = (
				470E76AC26A5474C00A4C13A /* ViewController.swift in Sources */,
				470E76C026A54DA700A4C13A /* DataRepository.swift in Sources */,
				470E76BC26A549F800A4C13A /* Tax.swift in Sources */,
				470E76A826A5474C00A4C13A /* AppDelegate.swift in Sources */,
				470E76AA26A5474C00A4C13A /* SceneDelegate.swift in Sources */,
			);
			runOnlyForDeploymentPostprocessing = 0;
		};
/* End PBXSourcesBuildPhase section */

/* Begin PBXVariantGroup section */
		470E76AD26A5474C00A4C13A /* Main.storyboard */ = {
			isa = PBXVariantGroup;
			children = (
				470E76AE26A5474C00A4C13A /* Base */,
			);
			name = Main.storyboard;
			sourceTree = "<group>";
		};
		470E76B226A5474D00A4C13A /* LaunchScreen.storyboard */ = {
			isa = PBXVariantGroup;
			children = (
				470E76B326A5474D00A4C13A /* Base */,
			);
			name = LaunchScreen.storyboard;
			sourceTree = "<group>";
		};
/* End PBXVariantGroup section */

/* Begin XCBuildConfiguration section */
		470E76B626A5474D00A4C13A /* Debug */ = {
			isa = XCBuildConfiguration;
			buildSettings = {
				ALWAYS_SEARCH_USER_PATHS = NO;
				CLANG_ANALYZER_NONNULL = YES;
				CLANG_ANALYZER_NUMBER_OBJECT_CONVERSION = YES_AGGRESSIVE;
				CLANG_CXX_LANGUAGE_STANDARD = "gnu++14";
				CLANG_CXX_LIBRARY = "libc++";
				CLANG_ENABLE_MODULES = YES;
				CLANG_ENABLE_OBJC_ARC = YES;
				CLANG_ENABLE_OBJC_WEAK = YES;
				CLANG_WARN_BLOCK_CAPTURE_AUTORELEASING = YES;
				CLANG_WARN_BOOL_CONVERSION = YES;
				CLANG_WARN_COMMA = YES;
				CLANG_WARN_CONSTANT_CONVERSION = YES;
				CLANG_WARN_DEPRECATED_OBJC_IMPLEMENTATIONS = YES;
				CLANG_WARN_DIRECT_OBJC_ISA_USAGE = YES_ERROR;
				CLANG_WARN_DOCUMENTATION_COMMENTS = YES;
				CLANG_WARN_EMPTY_BODY = YES;
				CLANG_WARN_ENUM_CONVERSION = YES;
				CLANG_WARN_INFINITE_RECURSION = YES;
				CLANG_WARN_INT_CONVERSION = YES;
				CLANG_WARN_NON_LITERAL_NULL_CONVERSION = YES;
				CLANG_WARN_OBJC_IMPLICIT_RETAIN_SELF = YES;
				CLANG_WARN_OBJC_LITERAL_CONVERSION = YES;
				CLANG_WARN_OBJC_ROOT_CLASS = YES_ERROR;
				CLANG_WARN_QUOTED_INCLUDE_IN_FRAMEWORK_HEADER = YES;
				CLANG_WARN_RANGE_LOOP_ANALYSIS = YES;
				CLANG_WARN_STRICT_PROTOTYPES = YES;
				CLANG_WARN_SUSPICIOUS_MOVE = YES;
				CLANG_WARN_UNGUARDED_AVAILABILITY = YES_AGGRESSIVE;
				CLANG_WARN_UNREACHABLE_CODE = YES;
				CLANG_WARN__DUPLICATE_METHOD_MATCH = YES;
				COPY_PHASE_STRIP = NO;
				DEBUG_INFORMATION_FORMAT = dwarf;
				ENABLE_STRICT_OBJC_MSGSEND = YES;
				ENABLE_TESTABILITY = YES;
				GCC_C_LANGUAGE_STANDARD = gnu11;
				GCC_DYNAMIC_NO_PIC = NO;
				GCC_NO_COMMON_BLOCKS = YES;
				GCC_OPTIMIZATION_LEVEL = 0;
				GCC_PREPROCESSOR_DEFINITIONS = (
					"DEBUG=1",
					"$(inherited)",
				);
				GCC_WARN_64_TO_32_BIT_CONVERSION = YES;
				GCC_WARN_ABOUT_RETURN_TYPE = YES_ERROR;
				GCC_WARN_UNDECLARED_SELECTOR = YES;
				GCC_WARN_UNINITIALIZED_AUTOS = YES_AGGRESSIVE;
				GCC_WARN_UNUSED_FUNCTION = YES;
				GCC_WARN_UNUSED_VARIABLE = YES;
				IPHONEOS_DEPLOYMENT_TARGET = 14.5;
				MTL_ENABLE_DEBUG_INFO = INCLUDE_SOURCE;
				MTL_FAST_MATH = YES;
				ONLY_ACTIVE_ARCH = YES;
				SDKROOT = iphoneos;
				SWIFT_ACTIVE_COMPILATION_CONDITIONS = DEBUG;
				SWIFT_OPTIMIZATION_LEVEL = "-Onone";
			};
			name = Debug;
		};
		470E76B726A5474D00A4C13A /* Release */ = {
			isa = XCBuildConfiguration;
			buildSettings = {
				ALWAYS_SEARCH_USER_PATHS = NO;
				CLANG_ANALYZER_NONNULL = YES;
				CLANG_ANALYZER_NUMBER_OBJECT_CONVERSION = YES_AGGRESSIVE;
				CLANG_CXX_LANGUAGE_STANDARD = "gnu++14";
				CLANG_CXX_LIBRARY = "libc++";
				CLANG_ENABLE_MODULES = YES;
				CLANG_ENABLE_OBJC_ARC = YES;
				CLANG_ENABLE_OBJC_WEAK = YES;
				CLANG_WARN_BLOCK_CAPTURE_AUTORELEASING = YES;
				CLANG_WARN_BOOL_CONVERSION = YES;
				CLANG_WARN_COMMA = YES;
				CLANG_WARN_CONSTANT_CONVERSION = YES;
				CLANG_WARN_DEPRECATED_OBJC_IMPLEMENTATIONS = YES;
				CLANG_WARN_DIRECT_OBJC_ISA_USAGE = YES_ERROR;
				CLANG_WARN_DOCUMENTATION_COMMENTS = YES;
				CLANG_WARN_EMPTY_BODY = YES;
				CLANG_WARN_ENUM_CONVERSION = YES;
				CLANG_WARN_INFINITE_RECURSION = YES;
				CLANG_WARN_INT_CONVERSION = YES;
				CLANG_WARN_NON_LITERAL_NULL_CONVERSION = YES;
				CLANG_WARN_OBJC_IMPLICIT_RETAIN_SELF = YES;
				CLANG_WARN_OBJC_LITERAL_CONVERSION = YES;
				CLANG_WARN_OBJC_ROOT_CLASS = YES_ERROR;
				CLANG_WARN_QUOTED_INCLUDE_IN_FRAMEWORK_HEADER = YES;
				CLANG_WARN_RANGE_LOOP_ANALYSIS = YES;
				CLANG_WARN_STRICT_PROTOTYPES = YES;
				CLANG_WARN_SUSPICIOUS_MOVE = YES;
				CLANG_WARN_UNGUARDED_AVAILABILITY = YES_AGGRESSIVE;
				CLANG_WARN_UNREACHABLE_CODE = YES;
				CLANG_WARN__DUPLICATE_METHOD_MATCH = YES;
				COPY_PHASE_STRIP = NO;
				DEBUG_INFORMATION_FORMAT = "dwarf-with-dsym";
				ENABLE_NS_ASSERTIONS = NO;
				ENABLE_STRICT_OBJC_MSGSEND = YES;
				GCC_C_LANGUAGE_STANDARD = gnu11;
				GCC_NO_COMMON_BLOCKS = YES;
				GCC_WARN_64_TO_32_BIT_CONVERSION = YES;
				GCC_WARN_ABOUT_RETURN_TYPE = YES_ERROR;
				GCC_WARN_UNDECLARED_SELECTOR = YES;
				GCC_WARN_UNINITIALIZED_AUTOS = YES_AGGRESSIVE;
				GCC_WARN_UNUSED_FUNCTION = YES;
				GCC_WARN_UNUSED_VARIABLE = YES;
				IPHONEOS_DEPLOYMENT_TARGET = 14.5;
				MTL_ENABLE_DEBUG_INFO = NO;
				MTL_FAST_MATH = YES;
				SDKROOT = iphoneos;
				SWIFT_COMPILATION_MODE = wholemodule;
				SWIFT_OPTIMIZATION_LEVEL = "-O";
				VALIDATE_PRODUCT = YES;
			};
			name = Release;
		};
		470E76B926A5474D00A4C13A /* Debug */ = {
			isa = XCBuildConfiguration;
			baseConfigurationReference = BF7A9F432BA8EB0FEEEB6324 /* Pods-Kadai12-Realm.debug.xcconfig */;
			buildSettings = {
				ASSETCATALOG_COMPILER_APPICON_NAME = AppIcon;
				ASSETCATALOG_COMPILER_GLOBAL_ACCENT_COLOR_NAME = AccentColor;
				CODE_SIGN_STYLE = Automatic;
				DEVELOPMENT_TEAM = HAMLUR4PQA;
				INFOPLIST_FILE = "Kadai12-Realm/Info.plist";
				LD_RUNPATH_SEARCH_PATHS = (
					"$(inherited)",
					"@executable_path/Frameworks",
				);
				PRODUCT_BUNDLE_IDENTIFIER = "com.kyohei.Kadai12-Realm";
				PRODUCT_NAME = "$(TARGET_NAME)";
				SWIFT_VERSION = 5.0;
				TARGETED_DEVICE_FAMILY = 1;
			};
			name = Debug;
		};
		470E76BA26A5474D00A4C13A /* Release */ = {
			isa = XCBuildConfiguration;
			baseConfigurationReference = 275438D8A943FCF48241CC86 /* Pods-Kadai12-Realm.release.xcconfig */;
			buildSettings = {
				ASSETCATALOG_COMPILER_APPICON_NAME = AppIcon;
				ASSETCATALOG_COMPILER_GLOBAL_ACCENT_COLOR_NAME = AccentColor;
				CODE_SIGN_STYLE = Automatic;
				DEVELOPMENT_TEAM = HAMLUR4PQA;
				INFOPLIST_FILE = "Kadai12-Realm/Info.plist";
				LD_RUNPATH_SEARCH_PATHS = (
					"$(inherited)",
					"@executable_path/Frameworks",
				);
				PRODUCT_BUNDLE_IDENTIFIER = "com.kyohei.Kadai12-Realm";
				PRODUCT_NAME = "$(TARGET_NAME)";
				SWIFT_VERSION = 5.0;
				TARGETED_DEVICE_FAMILY = 1;
			};
			name = Release;
		};
/* End XCBuildConfiguration section */

/* Begin XCConfigurationList section */
		470E769F26A5474C00A4C13A /* Build configuration list for PBXProject "Kadai12-Realm" */ = {
			isa = XCConfigurationList;
			buildConfigurations = (
				470E76B626A5474D00A4C13A /* Debug */,
				470E76B726A5474D00A4C13A /* Release */,
			);
			defaultConfigurationIsVisible = 0;
			defaultConfigurationName = Release;
		};
		470E76B826A5474D00A4C13A /* Build configuration list for PBXNativeTarget "Kadai12-Realm" */ = {
			isa = XCConfigurationList;
			buildConfigurations = (
				470E76B926A5474D00A4C13A /* Debug */,
				470E76BA26A5474D00A4C13A /* Release */,
			);
			defaultConfigurationIsVisible = 0;
			defaultConfigurationName = Release;
		};
/* End XCConfigurationList section */
	};
	rootObject = 470E769C26A5474C00A4C13A /* Project object */;
}
